// !$*UTF8*$!
{
	archiveVersion = 1;
	classes = {
	};
	objectVersion = 55;
	objects = {

/* Begin PBXBuildFile section */
		CE2D76E8279FF15900CAED4D /* AppDelegate.swift in Sources */ = {isa = PBXBuildFile; fileRef = CE2D76E7279FF15900CAED4D /* AppDelegate.swift */; };
		CE2D76EA279FF15900CAED4D /* SceneDelegate.swift in Sources */ = {isa = PBXBuildFile; fileRef = CE2D76E9279FF15900CAED4D /* SceneDelegate.swift */; };
		CE2D76F1279FF15A00CAED4D /* Assets.xcassets in Resources */ = {isa = PBXBuildFile; fileRef = CE2D76F0279FF15A00CAED4D /* Assets.xcassets */; };
		CE2D76F4279FF15A00CAED4D /* LaunchScreen.storyboard in Resources */ = {isa = PBXBuildFile; fileRef = CE2D76F2279FF15A00CAED4D /* LaunchScreen.storyboard */; };
		CE2D76FC279FFE7F00CAED4D /* SearchVC.swift in Sources */ = {isa = PBXBuildFile; fileRef = CE2D76FB279FFE7F00CAED4D /* SearchVC.swift */; };
		CE2D76FE279FFEAB00CAED4D /* FavoritesListVC.swift in Sources */ = {isa = PBXBuildFile; fileRef = CE2D76FD279FFEAB00CAED4D /* FavoritesListVC.swift */; };
		CE2D770027A0094300CAED4D /* GFButton.swift in Sources */ = {isa = PBXBuildFile; fileRef = CE2D76FF27A0094300CAED4D /* GFButton.swift */; };
		CE2D770227A00CA900CAED4D /* GFTextField.swift in Sources */ = {isa = PBXBuildFile; fileRef = CE2D770127A00CA900CAED4D /* GFTextField.swift */; };
		CE51652127A0565100016371 /* FollowerListVC.swift in Sources */ = {isa = PBXBuildFile; fileRef = CE51652027A0565100016371 /* FollowerListVC.swift */; };
		CE51652327A0698A00016371 /* String+Ext.swift in Sources */ = {isa = PBXBuildFile; fileRef = CE51652227A0698A00016371 /* String+Ext.swift */; };
		CE51652527A06AF500016371 /* GFTitleLabel.swift in Sources */ = {isa = PBXBuildFile; fileRef = CE51652427A06AF500016371 /* GFTitleLabel.swift */; };
		CE51652727A06C6E00016371 /* GFBodyLabel.swift in Sources */ = {isa = PBXBuildFile; fileRef = CE51652627A06C6E00016371 /* GFBodyLabel.swift */; };
		CE51652927A06D4400016371 /* GFAlertVC.swift in Sources */ = {isa = PBXBuildFile; fileRef = CE51652827A06D4400016371 /* GFAlertVC.swift */; };
		CE51652B27A06E7100016371 /* Color+Ext.swift in Sources */ = {isa = PBXBuildFile; fileRef = CE51652A27A06E7100016371 /* Color+Ext.swift */; };
		CE51652D27A0737700016371 /* UIViewController+Ext.swift in Sources */ = {isa = PBXBuildFile; fileRef = CE51652C27A0737700016371 /* UIViewController+Ext.swift */; };
/* End PBXBuildFile section */

/* Begin PBXFileReference section */
		CE2D76E4279FF15900CAED4D /* GithubFollowers.app */ = {isa = PBXFileReference; explicitFileType = wrapper.application; includeInIndex = 0; path = GithubFollowers.app; sourceTree = BUILT_PRODUCTS_DIR; };
		CE2D76E7279FF15900CAED4D /* AppDelegate.swift */ = {isa = PBXFileReference; lastKnownFileType = sourcecode.swift; path = AppDelegate.swift; sourceTree = "<group>"; };
		CE2D76E9279FF15900CAED4D /* SceneDelegate.swift */ = {isa = PBXFileReference; lastKnownFileType = sourcecode.swift; path = SceneDelegate.swift; sourceTree = "<group>"; };
		CE2D76F0279FF15A00CAED4D /* Assets.xcassets */ = {isa = PBXFileReference; lastKnownFileType = folder.assetcatalog; path = Assets.xcassets; sourceTree = "<group>"; };
		CE2D76F3279FF15A00CAED4D /* Base */ = {isa = PBXFileReference; lastKnownFileType = file.storyboard; name = Base; path = Base.lproj/LaunchScreen.storyboard; sourceTree = "<group>"; };
		CE2D76F5279FF15A00CAED4D /* Info.plist */ = {isa = PBXFileReference; lastKnownFileType = text.plist.xml; path = Info.plist; sourceTree = "<group>"; };
		CE2D76FB279FFE7F00CAED4D /* SearchVC.swift */ = {isa = PBXFileReference; lastKnownFileType = sourcecode.swift; path = SearchVC.swift; sourceTree = "<group>"; };
		CE2D76FD279FFEAB00CAED4D /* FavoritesListVC.swift */ = {isa = PBXFileReference; lastKnownFileType = sourcecode.swift; path = FavoritesListVC.swift; sourceTree = "<group>"; };
		CE2D76FF27A0094300CAED4D /* GFButton.swift */ = {isa = PBXFileReference; lastKnownFileType = sourcecode.swift; path = GFButton.swift; sourceTree = "<group>"; };
		CE2D770127A00CA900CAED4D /* GFTextField.swift */ = {isa = PBXFileReference; lastKnownFileType = sourcecode.swift; path = GFTextField.swift; sourceTree = "<group>"; };
		CE51652027A0565100016371 /* FollowerListVC.swift */ = {isa = PBXFileReference; lastKnownFileType = sourcecode.swift; path = FollowerListVC.swift; sourceTree = "<group>"; };
		CE51652227A0698A00016371 /* String+Ext.swift */ = {isa = PBXFileReference; fileEncoding = 4; lastKnownFileType = sourcecode.swift; path = "String+Ext.swift"; sourceTree = "<group>"; };
		CE51652427A06AF500016371 /* GFTitleLabel.swift */ = {isa = PBXFileReference; lastKnownFileType = sourcecode.swift; path = GFTitleLabel.swift; sourceTree = "<group>"; };
		CE51652627A06C6E00016371 /* GFBodyLabel.swift */ = {isa = PBXFileReference; lastKnownFileType = sourcecode.swift; path = GFBodyLabel.swift; sourceTree = "<group>"; };
		CE51652827A06D4400016371 /* GFAlertVC.swift */ = {isa = PBXFileReference; lastKnownFileType = sourcecode.swift; path = GFAlertVC.swift; sourceTree = "<group>"; };
		CE51652A27A06E7100016371 /* Color+Ext.swift */ = {isa = PBXFileReference; lastKnownFileType = sourcecode.swift; path = "Color+Ext.swift"; sourceTree = "<group>"; };
		CE51652C27A0737700016371 /* UIViewController+Ext.swift */ = {isa = PBXFileReference; lastKnownFileType = sourcecode.swift; path = "UIViewController+Ext.swift"; sourceTree = "<group>"; };
/* End PBXFileReference section */

/* Begin PBXFrameworksBuildPhase section */
		CE2D76E1279FF15900CAED4D /* Frameworks */ = {
			isa = PBXFrameworksBuildPhase;
			buildActionMask = 2147483647;
			files = (
			);
			runOnlyForDeploymentPostprocessing = 0;
		};
/* End PBXFrameworksBuildPhase section */

/* Begin PBXGroup section */
		CE2D76DB279FF15900CAED4D = {
			isa = PBXGroup;
			children = (
				CE2D76E6279FF15900CAED4D /* GithubFollowers */,
				CE2D76E5279FF15900CAED4D /* Products */,
			);
			sourceTree = "<group>";
		};
		CE2D76E5279FF15900CAED4D /* Products */ = {
			isa = PBXGroup;
			children = (
				CE2D76E4279FF15900CAED4D /* GithubFollowers.app */,
			);
			name = Products;
			sourceTree = "<group>";
		};
		CE2D76E6279FF15900CAED4D /* GithubFollowers */ = {
			isa = PBXGroup;
			children = (
				CE51653127A14BEE00016371 /* Support */,
				CE51653027A14B8D00016371 /* Extensions */,
				CE51652F27A14B5E00016371 /* Custom Views */,
				CE51652E27A14B2800016371 /* Screens */,
			);
			path = GithubFollowers;
			sourceTree = "<group>";
		};
		CE51652E27A14B2800016371 /* Screens */ = {
			isa = PBXGroup;
			children = (
				CE2D76FB279FFE7F00CAED4D /* SearchVC.swift */,
				CE2D76FD279FFEAB00CAED4D /* FavoritesListVC.swift */,
				CE51652027A0565100016371 /* FollowerListVC.swift */,
			);
			path = Screens;
			sourceTree = "<group>";
		};
		CE51652F27A14B5E00016371 /* Custom Views */ = {
			isa = PBXGroup;
			children = (
				CE2D770127A00CA900CAED4D /* GFTextField.swift */,
				CE2D76FF27A0094300CAED4D /* GFButton.swift */,
				CE51652427A06AF500016371 /* GFTitleLabel.swift */,
				CE51652627A06C6E00016371 /* GFBodyLabel.swift */,
				CE51652827A06D4400016371 /* GFAlertVC.swift */,
			);
			path = "Custom Views";
			sourceTree = "<group>";
		};
		CE51653027A14B8D00016371 /* Extensions */ = {
			isa = PBXGroup;
			children = (
				CE51652227A0698A00016371 /* String+Ext.swift */,
				CE51652A27A06E7100016371 /* Color+Ext.swift */,
				CE51652C27A0737700016371 /* UIViewController+Ext.swift */,
			);
			path = Extensions;
			sourceTree = "<group>";
		};
		CE51653127A14BEE00016371 /* Support */ = {
			isa = PBXGroup;
			children = (
				CE2D76F5279FF15A00CAED4D /* Info.plist */,
				CE2D76F0279FF15A00CAED4D /* Assets.xcassets */,
				CE2D76F2279FF15A00CAED4D /* LaunchScreen.storyboard */,
				CE2D76E7279FF15900CAED4D /* AppDelegate.swift */,
				CE2D76E9279FF15900CAED4D /* SceneDelegate.swift */,
			);
			path = Support;
			sourceTree = "<group>";
		};
/* End PBXGroup section */

/* Begin PBXNativeTarget section */
		CE2D76E3279FF15900CAED4D /* GithubFollowers */ = {
			isa = PBXNativeTarget;
			buildConfigurationList = CE2D76F8279FF15A00CAED4D /* Build configuration list for PBXNativeTarget "GithubFollowers" */;
			buildPhases = (
				CE2D76E0279FF15900CAED4D /* Sources */,
				CE2D76E1279FF15900CAED4D /* Frameworks */,
				CE2D76E2279FF15900CAED4D /* Resources */,
			);
			buildRules = (
			);
			dependencies = (
			);
			name = GithubFollowers;
			productName = GithubFollowers;
			productReference = CE2D76E4279FF15900CAED4D /* GithubFollowers.app */;
			productType = "com.apple.product-type.application";
		};
/* End PBXNativeTarget section */

/* Begin PBXProject section */
		CE2D76DC279FF15900CAED4D /* Project object */ = {
			isa = PBXProject;
			attributes = {
				BuildIndependentTargetsInParallel = 1;
				LastSwiftUpdateCheck = 1320;
				LastUpgradeCheck = 1320;
				TargetAttributes = {
					CE2D76E3279FF15900CAED4D = {
						CreatedOnToolsVersion = 13.2.1;
					};
				};
			};
			buildConfigurationList = CE2D76DF279FF15900CAED4D /* Build configuration list for PBXProject "GithubFollowers" */;
			compatibilityVersion = "Xcode 13.0";
			developmentRegion = en;
			hasScannedForEncodings = 0;
			knownRegions = (
				en,
				Base,
			);
			mainGroup = CE2D76DB279FF15900CAED4D;
			productRefGroup = CE2D76E5279FF15900CAED4D /* Products */;
			projectDirPath = "";
			projectRoot = "";
			targets = (
				CE2D76E3279FF15900CAED4D /* GithubFollowers */,
			);
		};
/* End PBXProject section */

/* Begin PBXResourcesBuildPhase section */
		CE2D76E2279FF15900CAED4D /* Resources */ = {
			isa = PBXResourcesBuildPhase;
			buildActionMask = 2147483647;
			files = (
				CE2D76F4279FF15A00CAED4D /* LaunchScreen.storyboard in Resources */,
				CE2D76F1279FF15A00CAED4D /* Assets.xcassets in Resources */,
			);
			runOnlyForDeploymentPostprocessing = 0;
		};
/* End PBXResourcesBuildPhase section */

/* Begin PBXSourcesBuildPhase section */
		CE2D76E0279FF15900CAED4D /* Sources */ = {
			isa = PBXSourcesBuildPhase;
			buildActionMask = 2147483647;
			files = (
				CE2D770227A00CA900CAED4D /* GFTextField.swift in Sources */,
				CE51652D27A0737700016371 /* UIViewController+Ext.swift in Sources */,
				CE2D76FE279FFEAB00CAED4D /* FavoritesListVC.swift in Sources */,
				CE2D770027A0094300CAED4D /* GFButton.swift in Sources */,
				CE2D76FC279FFE7F00CAED4D /* SearchVC.swift in Sources */,
				CE51652127A0565100016371 /* FollowerListVC.swift in Sources */,
				CE51652B27A06E7100016371 /* Color+Ext.swift in Sources */,
				CE51652927A06D4400016371 /* GFAlertVC.swift in Sources */,
				CE2D76E8279FF15900CAED4D /* AppDelegate.swift in Sources */,
				CE51652527A06AF500016371 /* GFTitleLabel.swift in Sources */,
				CE51652327A0698A00016371 /* String+Ext.swift in Sources */,
				CE2D76EA279FF15900CAED4D /* SceneDelegate.swift in Sources */,
				CE51652727A06C6E00016371 /* GFBodyLabel.swift in Sources */,
			);
			runOnlyForDeploymentPostprocessing = 0;
		};
/* End PBXSourcesBuildPhase section */

/* Begin PBXVariantGroup section */
		CE2D76F2279FF15A00CAED4D /* LaunchScreen.storyboard */ = {
			isa = PBXVariantGroup;
			children = (
				CE2D76F3279FF15A00CAED4D /* Base */,
			);
			name = LaunchScreen.storyboard;
			sourceTree = "<group>";
		};
/* End PBXVariantGroup section */

/* Begin XCBuildConfiguration section */
		CE2D76F6279FF15A00CAED4D /* Debug */ = {
			isa = XCBuildConfiguration;
			buildSettings = {
				ALWAYS_SEARCH_USER_PATHS = NO;
				CLANG_ANALYZER_NONNULL = YES;
				CLANG_ANALYZER_NUMBER_OBJECT_CONVERSION = YES_AGGRESSIVE;
				CLANG_CXX_LANGUAGE_STANDARD = "gnu++17";
				CLANG_CXX_LIBRARY = "libc++";
				CLANG_ENABLE_MODULES = YES;
				CLANG_ENABLE_OBJC_ARC = YES;
				CLANG_ENABLE_OBJC_WEAK = YES;
				CLANG_WARN_BLOCK_CAPTURE_AUTORELEASING = YES;
				CLANG_WARN_BOOL_CONVERSION = YES;
				CLANG_WARN_COMMA = YES;
				CLANG_WARN_CONSTANT_CONVERSION = YES;
				CLANG_WARN_DEPRECATED_OBJC_IMPLEMENTATIONS = YES;
				CLANG_WARN_DIRECT_OBJC_ISA_USAGE = YES_ERROR;
				CLANG_WARN_DOCUMENTATION_COMMENTS = YES;
				CLANG_WARN_EMPTY_BODY = YES;
				CLANG_WARN_ENUM_CONVERSION = YES;
				CLANG_WARN_INFINITE_RECURSION = YES;
				CLANG_WARN_INT_CONVERSION = YES;
				CLANG_WARN_NON_LITERAL_NULL_CONVERSION = YES;
				CLANG_WARN_OBJC_IMPLICIT_RETAIN_SELF = YES;
				CLANG_WARN_OBJC_LITERAL_CONVERSION = YES;
				CLANG_WARN_OBJC_ROOT_CLASS = YES_ERROR;
				CLANG_WARN_QUOTED_INCLUDE_IN_FRAMEWORK_HEADER = YES;
				CLANG_WARN_RANGE_LOOP_ANALYSIS = YES;
				CLANG_WARN_STRICT_PROTOTYPES = YES;
				CLANG_WARN_SUSPICIOUS_MOVE = YES;
				CLANG_WARN_UNGUARDED_AVAILABILITY = YES_AGGRESSIVE;
				CLANG_WARN_UNREACHABLE_CODE = YES;
				CLANG_WARN__DUPLICATE_METHOD_MATCH = YES;
				COPY_PHASE_STRIP = NO;
				DEBUG_INFORMATION_FORMAT = dwarf;
				ENABLE_STRICT_OBJC_MSGSEND = YES;
				ENABLE_TESTABILITY = YES;
				GCC_C_LANGUAGE_STANDARD = gnu11;
				GCC_DYNAMIC_NO_PIC = NO;
				GCC_NO_COMMON_BLOCKS = YES;
				GCC_OPTIMIZATION_LEVEL = 0;
				GCC_PREPROCESSOR_DEFINITIONS = (
					"DEBUG=1",
					"$(inherited)",
				);
				GCC_WARN_64_TO_32_BIT_CONVERSION = YES;
				GCC_WARN_ABOUT_RETURN_TYPE = YES_ERROR;
				GCC_WARN_UNDECLARED_SELECTOR = YES;
				GCC_WARN_UNINITIALIZED_AUTOS = YES_AGGRESSIVE;
				GCC_WARN_UNUSED_FUNCTION = YES;
				GCC_WARN_UNUSED_VARIABLE = YES;
				IPHONEOS_DEPLOYMENT_TARGET = 15.2;
				MTL_ENABLE_DEBUG_INFO = INCLUDE_SOURCE;
				MTL_FAST_MATH = YES;
				ONLY_ACTIVE_ARCH = YES;
				SDKROOT = iphoneos;
				SWIFT_ACTIVE_COMPILATION_CONDITIONS = DEBUG;
				SWIFT_OPTIMIZATION_LEVEL = "-Onone";
			};
			name = Debug;
		};
		CE2D76F7279FF15A00CAED4D /* Release */ = {
			isa = XCBuildConfiguration;
			buildSettings = {
				ALWAYS_SEARCH_USER_PATHS = NO;
				CLANG_ANALYZER_NONNULL = YES;
				CLANG_ANALYZER_NUMBER_OBJECT_CONVERSION = YES_AGGRESSIVE;
				CLANG_CXX_LANGUAGE_STANDARD = "gnu++17";
				CLANG_CXX_LIBRARY = "libc++";
				CLANG_ENABLE_MODULES = YES;
				CLANG_ENABLE_OBJC_ARC = YES;
				CLANG_ENABLE_OBJC_WEAK = YES;
				CLANG_WARN_BLOCK_CAPTURE_AUTORELEASING = YES;
				CLANG_WARN_BOOL_CONVERSION = YES;
				CLANG_WARN_COMMA = YES;
				CLANG_WARN_CONSTANT_CONVERSION = YES;
				CLANG_WARN_DEPRECATED_OBJC_IMPLEMENTATIONS = YES;
				CLANG_WARN_DIRECT_OBJC_ISA_USAGE = YES_ERROR;
				CLANG_WARN_DOCUMENTATION_COMMENTS = YES;
				CLANG_WARN_EMPTY_BODY = YES;
				CLANG_WARN_ENUM_CONVERSION = YES;
				CLANG_WARN_INFINITE_RECURSION = YES;
				CLANG_WARN_INT_CONVERSION = YES;
				CLANG_WARN_NON_LITERAL_NULL_CONVERSION = YES;
				CLANG_WARN_OBJC_IMPLICIT_RETAIN_SELF = YES;
				CLANG_WARN_OBJC_LITERAL_CONVERSION = YES;
				CLANG_WARN_OBJC_ROOT_CLASS = YES_ERROR;
				CLANG_WARN_QUOTED_INCLUDE_IN_FRAMEWORK_HEADER = YES;
				CLANG_WARN_RANGE_LOOP_ANALYSIS = YES;
				CLANG_WARN_STRICT_PROTOTYPES = YES;
				CLANG_WARN_SUSPICIOUS_MOVE = YES;
				CLANG_WARN_UNGUARDED_AVAILABILITY = YES_AGGRESSIVE;
				CLANG_WARN_UNREACHABLE_CODE = YES;
				CLANG_WARN__DUPLICATE_METHOD_MATCH = YES;
				COPY_PHASE_STRIP = NO;
				DEBUG_INFORMATION_FORMAT = "dwarf-with-dsym";
				ENABLE_NS_ASSERTIONS = NO;
				ENABLE_STRICT_OBJC_MSGSEND = YES;
				GCC_C_LANGUAGE_STANDARD = gnu11;
				GCC_NO_COMMON_BLOCKS = YES;
				GCC_WARN_64_TO_32_BIT_CONVERSION = YES;
				GCC_WARN_ABOUT_RETURN_TYPE = YES_ERROR;
				GCC_WARN_UNDECLARED_SELECTOR = YES;
				GCC_WARN_UNINITIALIZED_AUTOS = YES_AGGRESSIVE;
				GCC_WARN_UNUSED_FUNCTION = YES;
				GCC_WARN_UNUSED_VARIABLE = YES;
				IPHONEOS_DEPLOYMENT_TARGET = 15.2;
				MTL_ENABLE_DEBUG_INFO = NO;
				MTL_FAST_MATH = YES;
				SDKROOT = iphoneos;
				SWIFT_COMPILATION_MODE = wholemodule;
				SWIFT_OPTIMIZATION_LEVEL = "-O";
				VALIDATE_PRODUCT = YES;
			};
			name = Release;
		};
		CE2D76F9279FF15A00CAED4D /* Debug */ = {
			isa = XCBuildConfiguration;
			buildSettings = {
				ASSETCATALOG_COMPILER_APPICON_NAME = AppIcon;
				ASSETCATALOG_COMPILER_GLOBAL_ACCENT_COLOR_NAME = AccentColor;
				CODE_SIGN_STYLE = Automatic;
				CURRENT_PROJECT_VERSION = 1;
				DEVELOPMENT_TEAM = TC9798L759;
				GENERATE_INFOPLIST_FILE = YES;
				INFOPLIST_FILE = GithubFollowers/Info.plist;
				INFOPLIST_KEY_UIApplicationSupportsIndirectInputEvents = YES;
				INFOPLIST_KEY_UILaunchStoryboardName = LaunchScreen;
				INFOPLIST_KEY_UISupportedInterfaceOrientations = UIInterfaceOrientationPortrait;
				INFOPLIST_KEY_UISupportedInterfaceOrientations_iPad = "UIInterfaceOrientationPortrait UIInterfaceOrientationPortraitUpsideDown UIInterfaceOrientationLandscapeLeft UIInterfaceOrientationLandscapeRight";
				INFOPLIST_KEY_UISupportedInterfaceOrientations_iPhone = "UIInterfaceOrientationPortrait UIInterfaceOrientationLandscapeLeft UIInterfaceOrientationLandscapeRight";
				IPHONEOS_DEPLOYMENT_TARGET = 13.2;
				LD_RUNPATH_SEARCH_PATHS = (
					"$(inherited)",
					"@executable_path/Frameworks",
				);
				MARKETING_VERSION = 1.0;
				PRODUCT_BUNDLE_IDENTIFIER = me.yuriershov.GithubFollowers;
				PRODUCT_NAME = "$(TARGET_NAME)";
				SWIFT_EMIT_LOC_STRINGS = YES;
				SWIFT_VERSION = 5.0;
				TARGETED_DEVICE_FAMILY = 1;
			};
			name = Debug;
		};
		CE2D76FA279FF15A00CAED4D /* Release */ = {
			isa = XCBuildConfiguration;
			buildSettings = {
				ASSETCATALOG_COMPILER_APPICON_NAME = AppIcon;
				ASSETCATALOG_COMPILER_GLOBAL_ACCENT_COLOR_NAME = AccentColor;
				CODE_SIGN_STYLE = Automatic;
				CURRENT_PROJECT_VERSION = 1;
				DEVELOPMENT_TEAM = TC9798L759;
				GENERATE_INFOPLIST_FILE = YES;
				INFOPLIST_FILE = GithubFollowers/Info.plist;
				INFOPLIST_KEY_UIApplicationSupportsIndirectInputEvents = YES;
				INFOPLIST_KEY_UILaunchStoryboardName = LaunchScreen;
				INFOPLIST_KEY_UISupportedInterfaceOrientations = UIInterfaceOrientationPortrait;
				INFOPLIST_KEY_UISupportedInterfaceOrientations_iPad = "UIInterfaceOrientationPortrait UIInterfaceOrientationPortraitUpsideDown UIInterfaceOrientationLandscapeLeft UIInterfaceOrientationLandscapeRight";
				INFOPLIST_KEY_UISupportedInterfaceOrientations_iPhone = "UIInterfaceOrientationPortrait UIInterfaceOrientationLandscapeLeft UIInterfaceOrientationLandscapeRight";
				IPHONEOS_DEPLOYMENT_TARGET = 13.2;
				LD_RUNPATH_SEARCH_PATHS = (
					"$(inherited)",
					"@executable_path/Frameworks",
				);
				MARKETING_VERSION = 1.0;
				PRODUCT_BUNDLE_IDENTIFIER = me.yuriershov.GithubFollowers;
				PRODUCT_NAME = "$(TARGET_NAME)";
				SWIFT_EMIT_LOC_STRINGS = YES;
				SWIFT_VERSION = 5.0;
				TARGETED_DEVICE_FAMILY = 1;
			};
			name = Release;
		};
/* End XCBuildConfiguration section */

/* Begin XCConfigurationList section */
		CE2D76DF279FF15900CAED4D /* Build configuration list for PBXProject "GithubFollowers" */ = {
			isa = XCConfigurationList;
			buildConfigurations = (
				CE2D76F6279FF15A00CAED4D /* Debug */,
				CE2D76F7279FF15A00CAED4D /* Release */,
			);
			defaultConfigurationIsVisible = 0;
			defaultConfigurationName = Release;
		};
		CE2D76F8279FF15A00CAED4D /* Build configuration list for PBXNativeTarget "GithubFollowers" */ = {
			isa = XCConfigurationList;
			buildConfigurations = (
				CE2D76F9279FF15A00CAED4D /* Debug */,
				CE2D76FA279FF15A00CAED4D /* Release */,
			);
			defaultConfigurationIsVisible = 0;
			defaultConfigurationName = Release;
		};
/* End XCConfigurationList section */
	};
	rootObject = CE2D76DC279FF15900CAED4D /* Project object */;
}
